
Microsoft Visual Studio Solution File, Format Version 12.00
# Visual Studio Version 16
VisualStudioVersion = 16.0.34601.136
MinimumVisualStudioVersion = 10.0.40219.1
Project("{FAE04EC0-301F-11D3-BF4B-00C04F79EFBC}") = "ArchitectureWebSite-ASP.NET", "ArchitectureWebSite-ASP.NET\ArchitectureWebSite-ASP.NET.csproj", "{F9E95D48-D142-4106-97E8-E726ED03CE07}"
EndProject
Global
	GlobalSection(SolutionConfigurationPlatforms) = preSolution
		Debug|Any CPU = Debug|Any CPU
		Release|Any CPU = Release|Any CPU
	EndGlobalSection
	GlobalSection(ProjectConfigurationPlatforms) = postSolution
		{F9E95D48-D142-4106-97E8-E726ED03CE07}.Debug|Any CPU.ActiveCfg = Debug|Any CPU
		{F9E95D48-D142-4106-97E8-E726ED03CE07}.Debug|Any CPU.Build.0 = Debug|Any CPU
		{F9E95D48-D142-4106-97E8-E726ED03CE07}.Release|Any CPU.ActiveCfg = Release|Any CPU
		{F9E95D48-D142-4106-97E8-E726ED03CE07}.Release|Any CPU.Build.0 = Release|Any CPU
	EndGlobalSection
	GlobalSection(SolutionProperties) = preSolution
		HideSolutionNode = FALSE
	EndGlobalSection
	GlobalSection(ExtensibilityGlobals) = postSolution
		SolutionGuid = {79A82436-7CDF-4386-A417-B1A4951FDC12}
	EndGlobalSection
EndGlobal
